{
  "files": {
    ".claude/agents/architect.md": {
      "ownership": "managed",
      "symlink": "../../plugin/hub-workflow/agents/architect.md"
    },
    ".claude/agents/evaluator.md": {
      "ownership": "managed",
      "symlink": "../../plugin/hub-workflow/agents/evaluator.md"
    },
    ".claude/agents/planner.md": {
      "ownership": "managed",
      "symlink": "../../plugin/hub-workflow/agents/planner.md"
    },
    ".claude/agents/quality-reviewer.md": {
      "ownership": "managed",
      "symlink": "../../plugin/hub-workflow/agents/quality-reviewer.md"
    },
    ".claude/agents/requirements-analyst.md": {
      "ownership": "managed",
      "symlink": "../../plugin/hub-workflow/agents/requirements-analyst.md"
    },
    ".claude/agents/researcher.md": {
      "ownership": "managed",
      "symlink": "../../plugin/hub-workflow/agents/researcher.md"
    },
    ".claude/agents/spec-reviewer.md": {
      "ownership": "managed",
      "symlink": "../../plugin/hub-workflow/agents/spec-reviewer.md"
    },
    ".claude/settings.json": {
      "executable": false,
      "ownership": "managed",
      "sha256": "de3f8bee5f9146fced2db6d701be060d7d14f81c07a92cdcd40a572e6cbd0839"
    },
    ".claude/settings.project.json": {
      "ownership": "seeded"
    },
    ".claude/skills/create-plan": {
      "ownership": "managed",
      "symlink": "../../plugin/hub-workflow/skills/create-plan"
    },
    ".claude/skills/feature": {
      "ownership": "managed",
      "symlink": "../../plugin/hub-workflow/skills/feature"
    },
    ".claude/skills/fix": {
      "ownership": "managed",
      "symlink": "../../plugin/hub-workflow/skills/fix"
    },
    ".claude/skills/handoff": {
      "ownership": "managed",
      "symlink": "../../plugin/hub-workflow/skills/handoff"
    },
    ".claude/skills/kickoff": {
      "ownership": "managed",
      "symlink": "../../plugin/hub-workflow/skills/kickoff"
    },
    ".claude/skills/learn": {
      "ownership": "managed",
      "symlink": "../../plugin/hub-workflow/skills/learn"
    },
    ".claude/skills/recall": {
      "ownership": "managed",
      "symlink": "../../plugin/hub-workflow/skills/recall"
    },
    ".claude/skills/research": {
      "ownership": "managed",
      "symlink": "../../plugin/hub-workflow/skills/research"
    },
    ".github/workflows/ci.yml": {
      "executable": false,
      "ownership": "managed",
      "sha256": "10646a4ea355286edc565bd36414176c002fbb0d781be48ff507d5a18c565482"
    },
    ".gitignore": {
      "ownership": "seeded"
    },
    ".pre-commit-config.yaml": {
      "executable": false,
      "ownership": "managed",
      "sha256": "a01f3daba337f4ee98812705971eb55b6693a21df7014ea23f8bb9871fe9e701"
    },
    "AGENTS.md": {
      "executable": false,
      "ownership": "managed",
      "sha256": "9cdd60291e5536ae690b0bbdf09c913ebf20e02f79258c7d792c5538f833f53c"
    },
    "AGENTS.project.md": {
      "ownership": "seeded"
    },
    "CLAUDE.md": {
      "executable": false,
      "ownership": "managed",
      "sha256": "6e4032263dc05cafaf9bbf87a56bfcf0876f3a7ea7868e97a053f4093b18acff"
    },
    "Makefile": {
      "executable": false,
      "ownership": "managed",
      "sha256": "45ef2fae5d02ab4224585b7792ed92440c3e5a44378efc57bc4fab1f991963a4"
    },
    "Makefile.project": {
      "ownership": "seeded"
    },
    "README.md": {
      "ownership": "seeded"
    },
    "agent": {
      "executable": true,
      "ownership": "managed",
      "sha256": "7b6e48ebcffc067cd1c16d586365ae21eeade8c0c1f2f2cb7d3d4ff9e868b048"
    },
    "brain/_inbox/.gitkeep": {
      "ownership": "seeded"
    },
    "brain/decisions/index.md": {
      "ownership": "seeded"
    },
    "brain/domain/.gitkeep": {
      "ownership": "seeded"
    },
    "brain/features/.gitkeep": {
      "ownership": "seeded"
    },
    "brain/index.md": {
      "ownership": "seeded"
    },
    "brain/journal/.gitkeep": {
      "ownership": "seeded"
    },
    "brain/journal/_template.md": {
      "ownership": "seeded"
    },
    "brain/learnings/.gitkeep": {
      "ownership": "seeded"
    },
    "brain/now.md": {
      "ownership": "seeded"
    },
    "brain/playbooks/.gitkeep": {
      "ownership": "seeded"
    },
    "hub": {
      "executable": true,
      "ownership": "managed",
      "sha256": "5e7ca2afe5baec9eabf901c4aa6b5e0b9cbdcfcdcf0c61d233f2cedd458cbd51"
    },
    "hub.json": {
      "ownership": "seeded"
    },
    "hub.schema.json": {
      "executable": false,
      "ownership": "managed",
      "sha256": "fbe3ca03c348ae1148c102fed26009968132f946fe82826e56ca21c644b11c8e"
    },
    "plugin/demo/.claude-plugin/plugin.json": {
      "ownership": "seeded"
    },
    "plugin/demo/agents/.gitkeep": {
      "ownership": "seeded"
    },
    "plugin/demo/hooks/project_guard.py": {
      "ownership": "seeded"
    },
    "plugin/demo/skills/.gitkeep": {
      "ownership": "seeded"
    },
    "plugin/hub-workflow/.claude-plugin/plugin.json": {
      "executable": false,
      "ownership": "managed",
      "sha256": "7fb5b625dad49bf7edaef97bc41a8757a98c3a8b50c4c845f163e7f234c1adb4"
    },
    "plugin/hub-workflow/LICENSES/Apache-2.0.txt": {
      "executable": false,
      "ownership": "managed",
      "sha256": "cfc7749b96f63bd31c3c42b5c471bf756814053e847c10f3eb003417bc523d30"
    },
    "plugin/hub-workflow/LICENSES/MIT-compound-engineering-plugin.txt": {
      "executable": false,
      "ownership": "managed",
      "sha256": "61d89de7646effdaba2d0a4ab7bd0eba60b4094b83efe5bc73c7940e43e93fc6"
    },
    "plugin/hub-workflow/NOTICE": {
      "executable": false,
      "ownership": "managed",
      "sha256": "d4f33e59fd80e374614fcc0d8017da71ce02dc35201cf97b64a9ef83339247e8"
    },
    "plugin/hub-workflow/agents/architect.md": {
      "executable": false,
      "ownership": "managed",
      "sha256": "b417ed82fc64f5ce1e48cd5c3a2ea613d9352868a8cb1c2a588da5196d9cd594"
    },
    "plugin/hub-workflow/agents/evaluator.md": {
      "executable": false,
      "ownership": "managed",
      "sha256": "df7d155ff75030c52f52d576d68a37b24fc0bb57311c9fa04780823ab284413d"
    },
    "plugin/hub-workflow/agents/planner.md": {
      "executable": false,
      "ownership": "managed",
      "sha256": "275e0f863d6528442644d4c4db9e6ed03e92ecfb942504f48abfe9c5121ae631"
    },
    "plugin/hub-workflow/agents/quality-reviewer.md": {
      "executable": false,
      "ownership": "managed",
      "sha256": "fd267809d50da2df878ce62da65aa7d2f75509d39b5401aa38f081b15b81f716"
    },
    "plugin/hub-workflow/agents/requirements-analyst.md": {
      "executable": false,
      "ownership": "managed",
      "sha256": "ab751abfcef8e53f5f9b6cb2a07698bc6f1fd5fda30be944d298f756a457b643"
    },
    "plugin/hub-workflow/agents/researcher.md": {
      "executable": false,
      "ownership": "managed",
      "sha256": "6c7e226adfcbb4bd0d7195d3aa15b03f49df3268a55b1afcd6267a7de6355908"
    },
    "plugin/hub-workflow/agents/spec-reviewer.md": {
      "executable": false,
      "ownership": "managed",
      "sha256": "5c2ea69603034913f43b8dd45c084bd71db815154a1a63000ec74fb328f3a703"
    },
    "plugin/hub-workflow/hooks/guard.py": {
      "executable": true,
      "ownership": "managed",
      "sha256": "bb194478a9caf1f5626b9d5d65c8410898421644e1eb017445bc12f0cfcb8d32"
    },
    "plugin/hub-workflow/hooks/hooks.json": {
      "executable": false,
      "ownership": "managed",
      "sha256": "216ea018500cde0cb290ed79f49a860dd255c7945e944e14ae1ee5c4c0836993"
    },
    "plugin/hub-workflow/hooks/hubhooks.py": {
      "executable": false,
      "ownership": "managed",
      "sha256": "1e408579c0b958fe20425f58eaaa1c6d9e3f3ea5e6d344b749261cdbf92db68f"
    },
    "plugin/hub-workflow/hooks/post_edit.py": {
      "executable": true,
      "ownership": "managed",
      "sha256": "ddc63623bb4fb796e8804cc065186394021ef2fe277d6381c30563a8647693fb"
    },
    "plugin/hub-workflow/hooks/pre_compact.py": {
      "executable": true,
      "ownership": "managed",
      "sha256": "9005d66b0022e0bfd61faf61ca19dc9086116a8a9d5fede61d3c62c88b017345"
    },
    "plugin/hub-workflow/hooks/project_guard_runner.py": {
      "executable": false,
      "ownership": "managed",
      "sha256": "fe50e04fe056020dbd3b72050b17019b31a25118bc922583dc6d33130b83350c"
    },
    "plugin/hub-workflow/hooks/session_end.py": {
      "executable": true,
      "ownership": "managed",
      "sha256": "af9487f55b821805f56028baaac3236829f6e9861eefa3f0f7507fd59d9df87f"
    },
    "plugin/hub-workflow/hooks/session_start.py": {
      "executable": true,
      "ownership": "managed",
      "sha256": "1648ed0769ac58b5467168858c3276e4e1490f63c582b9c62cfc590a0132ac92"
    },
    "plugin/hub-workflow/hooks/stdlib_reader.py": {
      "executable": false,
      "ownership": "managed",
      "sha256": "5b51eb7c7dd98df5c85c7bfe5e1b159aed105876ed610aa54d6f1f5bb6c97558"
    },
    "plugin/hub-workflow/hooks/stop_gate.py": {
      "executable": true,
      "ownership": "managed",
      "sha256": "4e859f915101c88e20efc95e7325d299498a865c010cf13ed66f203cb13aa3fd"
    },
    "plugin/hub-workflow/skills/create-plan/SKILL.md": {
      "executable": false,
      "ownership": "managed",
      "sha256": "ebf37bf3e98a742c2ac027e463c6c68c108ce16421582ba106e8f8d8c503e01c"
    },
    "plugin/hub-workflow/skills/feature/SKILL.md": {
      "executable": false,
      "ownership": "managed",
      "sha256": "92bc00d59d4ffd22596819332bd9aa008f0b040aa741d864697d41868df483e2"
    },
    "plugin/hub-workflow/skills/fix/SKILL.md": {
      "executable": false,
      "ownership": "managed",
      "sha256": "cde4336ba1ee3685d61789ada2f9ac6e1a57f102d8913b8bf52ef9b73ade6f12"
    },
    "plugin/hub-workflow/skills/handoff/SKILL.md": {
      "executable": false,
      "ownership": "managed",
      "sha256": "e2789656defde586cb980f5c08b0008829fb4abdaf75f24c24a68575dd94e33e"
    },
    "plugin/hub-workflow/skills/kickoff/SKILL.md": {
      "executable": false,
      "ownership": "managed",
      "sha256": "1ebada6a3b0f17a151502d975e2760bcb9b37d3e19a4252b621eaf7589b6713e"
    },
    "plugin/hub-workflow/skills/learn/SKILL.md": {
      "executable": false,
      "ownership": "managed",
      "sha256": "d58bc967e02b570e0c29c149465bb6f5ffe1415f08e0b3076913c04aa6c310e5"
    },
    "plugin/hub-workflow/skills/recall/SKILL.md": {
      "executable": false,
      "ownership": "managed",
      "sha256": "62a78cf03c8b07910906921dc1816198f429ea24fd7a3c70e961516ed2ebd8ad"
    },
    "plugin/hub-workflow/skills/research/SKILL.md": {
      "executable": false,
      "ownership": "managed",
      "sha256": "bc91d1ca2541992c0529d5cb9ced9df2e16899872cc2ff958a4c51b7a6cf1856"
    },
    "scripts/mine_transcripts.py": {
      "executable": true,
      "ownership": "managed",
      "sha256": "2e5d7328dc865055bf461e0ba3074be43404207a399e38292c5137544af4d610"
    },
    "scripts/recall_transcripts.py": {
      "executable": true,
      "ownership": "managed",
      "sha256": "f16eb4741e1d5bcbe27bb2700a5c46ca2d75587cbdffe735736eaa4e39d3abf6"
    },
    "scripts/retro_metrics.py": {
      "executable": true,
      "ownership": "managed",
      "sha256": "c15a5925181394ca2c9adf4784ae249aedc7ca5707cc7c8dae903c2b43088ea1"
    }
  },
  "lock_version": 1,
  "modules": [],
  "platform_version": "<VERSION>",
  "schema_version": 1
}
